# This file was autogenerated by Stack.
# You should not edit this file by hand.
# For more information, please see the documentation at:
#   https://docs.haskellstack.org/en/stable/lock_files

packages:
- completed:
    hackage: base-compat-0.12.1@sha256:20e50848d9dfee1523fafe8950060b04fae43d402c15553da5c7cacd116f7846,6960
    pantry-tree:
      size: 9038
      sha256: 2f2c14615443954f117613d77835234b598718e611fb4cf4522e01980bf1bcbd
  original:
    hackage: base-compat-0.12.1
- completed:
    hackage: base-compat-batteries-0.12.1@sha256:ee819d7570b2fda1012d29db945a1778c388ef8c0c282e45c8fe4eae7616a25c,8891
    pantry-tree:
      size: 11169
      sha256: 64edb51a988b4a362f0ba4172ad4e3d140ee69129dd68a4d08004fe506cc09ae
  original:
    hackage: base-compat-batteries-0.12.1
- completed:
    hackage: attoparsec-0.14.3@sha256:214ff6d3f29793ba8053679e71c00bc2a79a58fa82641c3294627cbad6e2dce2,6192
    pantry-tree:
      size: 5305
      sha256: 882328ed1eb10a7173958fe19d56ed87205dddc640b86f107aa2a6e9f8536d46
  original:
    hackage: attoparsec-0.14.3
- completed:
    hackage: aeson-2.0.2.0@sha256:bb41f39762d6f755431097ce0fa88d817108036e7f1c1ec06fd5990230860c76,6343
    pantry-tree:
      size: 37910
      sha256: 5303edc2f9516c7999c21fbfb218ad180dd91c2ceea570f8bc54818ea9ec1692
  original:
    hackage: aeson-2.0.2.0
- completed:
    hackage: cryptonite-cd-0.29.1@sha256:fad461d58ebc25636a29a3b86f521fb63a20890b64ca0f3a4593e6786080ecc8,18873
    pantry-tree:
      size: 23325
      sha256: f3e5da28c709981bfa26fa787dfc8a96eb1d18348723fa3f6241e309a0ad95c9
  original:
    hackage: cryptonite-cd-0.29.1
- completed:
    hackage: memory-cd-0.16.0.1@sha256:2e792919d8c03e0e516587ec896804f1fd472642b2ea61e736ce052886444ace,5101
    pantry-tree:
      size: 2509
      sha256: 730dc368aad2a80d0a785723f8452a361f6dd5c5f2e42d255edda5898a137bff
  original:
    hackage: memory-cd-0.16.0.1
- completed:
    hackage: basement-cd-0.0.12.1@sha256:986d3e8fdd481d1457b2b0d9f067d6f4da39fc6185fb52686253faf61b49e78b,5746
    pantry-tree:
      size: 5931
      sha256: 0d376bf8c4329cd5dc16043e72d9d9fc0c53b63cdee8c5f5d27abd83a2e8e1dd
  original:
    hackage: basement-cd-0.0.12.1
snapshots:
- completed:
    size: 591687
    url: https://raw.githubusercontent.com/commercialhaskell/stackage-snapshots/master/nightly/2022/6/4.yaml
    sha256: 113a36ecbaea7882508d1b1db11f07e3ae716a9d85bbf1b4ccd80728d4da9d7a
  original: nightly-2022-06-04
