# This file was autogenerated by Stack.
# You should not edit this file by hand.
# For more information, please see the documentation at:
#   https://docs.haskellstack.org/en/stable/lock_files

packages:
- completed:
    hackage: shelly-1.8.0@sha256:67f5fcf434cb499a147e63b2ede8c0e7cc7e16739457f64f2cafd7aa96874c9d,5168
    pantry-tree:
      size: 2251
      sha256: 11dd744bbe1346f4aacca66c34370222b7c5520e25a41e34e9ebd8707baa79ca
  original:
    hackage: shelly-1.8.0
- completed:
    hackage: regex-tdfa-1.3.1.0@sha256:bec13812a56a904ff3510caa19fe1b3ce3939e303604b1bcb3162771c52311ba,6324
    pantry-tree:
      size: 2566
      sha256: 0795972b182b375a05fe51aee34ec69dafe799017a49fd2a3e35162dff3f0850
  original:
    hackage: regex-tdfa-1.3.1.0
- completed:
    hackage: regex-base-0.94.0.0@sha256:44aa95ca762294ffbb28cf0af9c567d93b5d2c56e4f38ce5385a257d899f968e,2253
    pantry-tree:
      size: 483
      sha256: 627ad9d564650590654720934224090a4e8fc3225e84a7fd1af83bc86b2d446a
  original:
    hackage: regex-base-0.94.0.0
- completed:
    hackage: regex-pcre-builtin-0.95.1.1.8.43@sha256:2d671af361adf1776fde182a687bb6da022b1e5e3b0a064ce264289de63564a5,3088
    pantry-tree:
      size: 2587
      sha256: 9224e37b215488b81a0fab0e8caa991010a4e053ba0e001de0b02c46a420622c
  original:
    hackage: regex-pcre-builtin-0.95.1.1.8.43
snapshots:
- completed:
    size: 509471
    url: https://raw.githubusercontent.com/commercialhaskell/stackage-snapshots/master/lts/12/26.yaml
    sha256: 95f014df58d0679b1c4a2b7bf2b652b61da8d30de5f571abb0d59015ef678646
  original: lts-12.26
