# This file was autogenerated by Stack.
# You should not edit this file by hand.
# For more information, please see the documentation at:
#   https://docs.haskellstack.org/en/stable/lock_files

packages:
- completed:
    hackage: regex-pcre-0.95.0.0@sha256:6845745ebc369e33b39387dd11d4ff15b6b4aae82754ad348467ecda8e17bed7,2514
    pantry-tree:
      size: 634
      sha256: 45da15f6e5b958f6c3be9e5649e9d16d1567d26117ab48d7ef56e1d19660b123
  original:
    hackage: regex-pcre-0.95.0.0
snapshots:
- completed:
    size: 534126
    url: https://raw.githubusercontent.com/commercialhaskell/stackage-snapshots/master/lts/16/31.yaml
    sha256: 637fb77049b25560622a224845b7acfe81a09fdb6a96a3c75997a10b651667f6
  original: lts-16.31
