# This file was autogenerated by Stack.
# You should not edit this file by hand.
# For more information, please see the documentation at:
#   https://docs.haskellstack.org/en/stable/lock_files

packages:
- completed:
    hackage: regex-pcre-0.95.0.0@sha256:323472b4a721694d3c0cc347affe7b69eec3ae2d9a782417dee2ff23aff1d81d,2461
    pantry-tree:
      size: 634
      sha256: e40638874bbff2b0d42f95358c755827cf0483bc4cdfabb23c8580cbca29e37e
  original:
    hackage: regex-pcre-0.95.0.0
snapshots:
- completed:
    size: 534126
    url: https://raw.githubusercontent.com/commercialhaskell/stackage-snapshots/master/lts/16/31.yaml
    sha256: 637fb77049b25560622a224845b7acfe81a09fdb6a96a3c75997a10b651667f6
  original: lts-16.31
