# This file was autogenerated by Stack.
# You should not edit this file by hand.
# For more information, please see the documentation at:
#   https://docs.haskellstack.org/en/stable/lock_files

packages:
- completed:
    hackage: base-compat-0.12.1@sha256:20e50848d9dfee1523fafe8950060b04fae43d402c15553da5c7cacd116f7846,6960
    pantry-tree:
      size: 9038
      sha256: 2f2c14615443954f117613d77835234b598718e611fb4cf4522e01980bf1bcbd
  original:
    hackage: base-compat-0.12.1
- completed:
    hackage: base-compat-batteries-0.12.1@sha256:ee819d7570b2fda1012d29db945a1778c388ef8c0c282e45c8fe4eae7616a25c,8891
    pantry-tree:
      size: 11169
      sha256: 64edb51a988b4a362f0ba4172ad4e3d140ee69129dd68a4d08004fe506cc09ae
  original:
    hackage: base-compat-batteries-0.12.1
- completed:
    hackage: attoparsec-0.14.3@sha256:b65d94fa4ac2854e396d29532915c5fd6c48d000fea8b84f3c0d9c8430e36dc4,6183
    pantry-tree:
      size: 5305
      sha256: 0a15e87509cc67315b0531cac10baaaad5eef464c0bb5175d8ecbdcd7365e056
  original:
    hackage: attoparsec-0.14.3
- completed:
    hackage: aeson-2.0.2.0@sha256:bb41f39762d6f755431097ce0fa88d817108036e7f1c1ec06fd5990230860c76,6343
    pantry-tree:
      size: 37910
      sha256: 5303edc2f9516c7999c21fbfb218ad180dd91c2ceea570f8bc54818ea9ec1692
  original:
    hackage: aeson-2.0.2.0
- completed:
    hackage: cryptonite-cd-0.29.1@sha256:d1c76166cadcf49ae0b87465d9bb9cbf17b7779174cfe655915c3f4f75ad27f9,18834
    pantry-tree:
      size: 23325
      sha256: 3afca5f3374e921652d5ffeba890b3f21cd858dc41886255c221b0facd2eaf74
  original:
    hackage: cryptonite-cd-0.29.1
- completed:
    hackage: memory-cd-0.16.0.1@sha256:b76547dbfa4470646b1a50a9b6cf087f5561bd741e819cfb2251a80f7ce45ec1,4905
    pantry-tree:
      size: 2509
      sha256: 8ded27c64e12d089882923c679e9cab95b993b9074d9dc3542bcde14d54994fd
  original:
    hackage: memory-cd-0.16.0.1
- completed:
    hackage: basement-cd-0.0.12.1@sha256:b41b0cd85142c1b1591b4c4625944d8588400f6c73d0e4bc8b29a215ebfef1c6,5529
    pantry-tree:
      size: 5931
      sha256: 235d1cc30e9278e1a875d5645a5fd8db57f606e0e0038041b5d0813321afb761
  original:
    hackage: basement-cd-0.0.12.1
snapshots:
- completed:
    size: 611461
    url: https://raw.githubusercontent.com/commercialhaskell/stackage-snapshots/master/nightly/2021/12/16.yaml
    sha256: 49c66c033e37b259f86219619c27394fa462d1ab18d31e85fbaedfb40262aa28
  original: nightly-2021-12-16
